
Microsoft Visual Studio Solution File, Format Version 11.00
# Visual Studio 2010
Project("{8BC9CEB8-8B4A-11D0-8D11-00A0C91BC942}") = "SY_Creo", "SY_Creo\SY_Creo.vcxproj", "{CF065C88-D4C8-4C27-BE8B-73EC3A3ECB21}"
EndProject
Global
	GlobalSection(SolutionConfigurationPlatforms) = preSolution
		Debug|Win32 = Debug|Win32
		Debug|x64 = Debug|x64
		Release|Win32 = Release|Win32
		Release|x64 = Release|x64
	EndGlobalSection
	GlobalSection(ProjectConfigurationPlatforms) = postSolution
		{CF065C88-D4C8-4C27-BE8B-73EC3A3ECB21}.Debug|Win32.ActiveCfg = Debug|Win32
		{CF065C88-D4C8-4C27-BE8B-73EC3A3ECB21}.Debug|Win32.Build.0 = Debug|Win32
		{CF065C88-D4C8-4C27-BE8B-73EC3A3ECB21}.Debug|x64.ActiveCfg = Debug|x64
		{CF065C88-D4C8-4C27-BE8B-73EC3A3ECB21}.Debug|x64.Build.0 = Debug|x64
		{CF065C88-D4C8-4C27-BE8B-73EC3A3ECB21}.Release|Win32.ActiveCfg = Release|Win32
		{CF065C88-D4C8-4C27-BE8B-73EC3A3ECB21}.Release|Win32.Build.0 = Release|Win32
		{CF065C88-D4C8-4C27-BE8B-73EC3A3ECB21}.Release|x64.ActiveCfg = Release|x64
		{CF065C88-D4C8-4C27-BE8B-73EC3A3ECB21}.Release|x64.Build.0 = Release|x64
	EndGlobalSection
	GlobalSection(SolutionProperties) = preSolution
		HideSolutionNode = FALSE
	EndGlobalSection
EndGlobal
